// !$*UTF8*$!
{
	archiveVersion = 1;
	classes = {
	};
	objectVersion = 46;
	objects = {

/* Begin PBXBuildFile section */
		3924D56514AF87CF000B972E /* InfoPlist.strings in Resources */ = {isa = PBXBuildFile; fileRef = 3924D56314AF87CF000B972E /* InfoPlist.strings */; };
		3924D57214AF87DB000B972E /* KSLoggerC.c in Sources */ = {isa = PBXBuildFile; fileRef = 3924D56C14AF87DB000B972E /* KSLoggerC.c */; };
		3924D57314AF87DB000B972E /* KSLoggerC.h in Headers */ = {isa = PBXBuildFile; fileRef = 3924D56D14AF87DB000B972E /* KSLoggerC.h */; settings = {ATTRIBUTES = (Public, ); }; };
		3924D57414AF87DB000B972E /* KSLoggerCommon.h in Headers */ = {isa = PBXBuildFile; fileRef = 3924D56E14AF87DB000B972E /* KSLoggerCommon.h */; settings = {ATTRIBUTES = (Public, ); }; };
		3924D57614AF87DB000B972E /* KSLoggerObjC.h in Headers */ = {isa = PBXBuildFile; fileRef = 3924D57014AF87DB000B972E /* KSLoggerObjC.h */; settings = {ATTRIBUTES = (Public, ); }; };
		3924D57714AF87DB000B972E /* KSLoggerObjC.m in Sources */ = {isa = PBXBuildFile; fileRef = 3924D57114AF87DB000B972E /* KSLoggerObjC.m */; };
		3924D58014AF8845000B972E /* UIKit.framework in Frameworks */ = {isa = PBXBuildFile; fileRef = 3924D57F14AF8845000B972E /* UIKit.framework */; };
		3924D58214AF8845000B972E /* Foundation.framework in Frameworks */ = {isa = PBXBuildFile; fileRef = 3924D58114AF8845000B972E /* Foundation.framework */; };
		3924D58414AF8845000B972E /* CoreGraphics.framework in Frameworks */ = {isa = PBXBuildFile; fileRef = 3924D58314AF8845000B972E /* CoreGraphics.framework */; };
		3924D58A14AF8845000B972E /* InfoPlist.strings in Resources */ = {isa = PBXBuildFile; fileRef = 3924D58814AF8845000B972E /* InfoPlist.strings */; };
		3924D58C14AF8845000B972E /* main.m in Sources */ = {isa = PBXBuildFile; fileRef = 3924D58B14AF8845000B972E /* main.m */; };
		3924D59014AF8845000B972E /* AppDelegate.m in Sources */ = {isa = PBXBuildFile; fileRef = 3924D58F14AF8845000B972E /* AppDelegate.m */; };
		3924D59314AF8846000B972E /* ViewController.m in Sources */ = {isa = PBXBuildFile; fileRef = 3924D59214AF8846000B972E /* ViewController.m */; };
		3924D59614AF8846000B972E /* ViewController_iPhone.xib in Resources */ = {isa = PBXBuildFile; fileRef = 3924D59414AF8846000B972E /* ViewController_iPhone.xib */; };
		3924D59914AF8846000B972E /* ViewController_iPad.xib in Resources */ = {isa = PBXBuildFile; fileRef = 3924D59714AF8846000B972E /* ViewController_iPad.xib */; };
		3924D59D14AF8854000B972E /* KSLogger.framework in Frameworks */ = {isa = PBXBuildFile; fileRef = 3924D55E14AF87CF000B972E /* KSLogger.framework */; };
/* End PBXBuildFile section */

/* Begin PBXFileReference section */
		3924D55E14AF87CF000B972E /* KSLogger.framework */ = {isa = PBXFileReference; explicitFileType = wrapper.cfbundle; includeInIndex = 0; path = KSLogger.framework; sourceTree = BUILT_PRODUCTS_DIR; };
		3924D56214AF87CF000B972E /* KSLogger-Info.plist */ = {isa = PBXFileReference; lastKnownFileType = text.plist.xml; path = "KSLogger-Info.plist"; sourceTree = "<group>"; };
		3924D56414AF87CF000B972E /* en */ = {isa = PBXFileReference; lastKnownFileType = text.plist.strings; name = en; path = en.lproj/InfoPlist.strings; sourceTree = "<group>"; };
		3924D56614AF87CF000B972E /* KSLogger-Prefix.pch */ = {isa = PBXFileReference; lastKnownFileType = sourcecode.c.h; path = "KSLogger-Prefix.pch"; sourceTree = "<group>"; };
		3924D56C14AF87DB000B972E /* KSLoggerC.c */ = {isa = PBXFileReference; fileEncoding = 4; lastKnownFileType = sourcecode.c.c; path = KSLoggerC.c; sourceTree = "<group>"; };
		3924D56D14AF87DB000B972E /* KSLoggerC.h */ = {isa = PBXFileReference; fileEncoding = 4; lastKnownFileType = sourcecode.c.h; path = KSLoggerC.h; sourceTree = "<group>"; };
		3924D56E14AF87DB000B972E /* KSLoggerCommon.h */ = {isa = PBXFileReference; fileEncoding = 4; lastKnownFileType = sourcecode.c.h; path = KSLoggerCommon.h; sourceTree = "<group>"; };
		3924D57014AF87DB000B972E /* KSLoggerObjC.h */ = {isa = PBXFileReference; fileEncoding = 4; lastKnownFileType = sourcecode.c.h; path = KSLoggerObjC.h; sourceTree = "<group>"; };
		3924D57114AF87DB000B972E /* KSLoggerObjC.m */ = {isa = PBXFileReference; fileEncoding = 4; lastKnownFileType = sourcecode.c.objc; path = KSLoggerObjC.m; sourceTree = "<group>"; };
		3924D57C14AF8845000B972E /* LoggingTest.app */ = {isa = PBXFileReference; explicitFileType = wrapper.application; includeInIndex = 0; path = LoggingTest.app; sourceTree = BUILT_PRODUCTS_DIR; };
		3924D57F14AF8845000B972E /* UIKit.framework */ = {isa = PBXFileReference; lastKnownFileType = wrapper.framework; name = UIKit.framework; path = System/Library/Frameworks/UIKit.framework; sourceTree = SDKROOT; };
		3924D58114AF8845000B972E /* Foundation.framework */ = {isa = PBXFileReference; lastKnownFileType = wrapper.framework; name = Foundation.framework; path = System/Library/Frameworks/Foundation.framework; sourceTree = SDKROOT; };
		3924D58314AF8845000B972E /* CoreGraphics.framework */ = {isa = PBXFileReference; lastKnownFileType = wrapper.framework; name = CoreGraphics.framework; path = System/Library/Frameworks/CoreGraphics.framework; sourceTree = SDKROOT; };
		3924D58714AF8845000B972E /* LoggingTest-Info.plist */ = {isa = PBXFileReference; lastKnownFileType = text.plist.xml; path = "LoggingTest-Info.plist"; sourceTree = "<group>"; };
		3924D58914AF8845000B972E /* en */ = {isa = PBXFileReference; lastKnownFileType = text.plist.strings; name = en; path = en.lproj/InfoPlist.strings; sourceTree = "<group>"; };
		3924D58B14AF8845000B972E /* main.m */ = {isa = PBXFileReference; lastKnownFileType = sourcecode.c.objc; path = main.m; sourceTree = "<group>"; };
		3924D58D14AF8845000B972E /* LoggingTest-Prefix.pch */ = {isa = PBXFileReference; lastKnownFileType = sourcecode.c.h; path = "LoggingTest-Prefix.pch"; sourceTree = "<group>"; };
		3924D58E14AF8845000B972E /* AppDelegate.h */ = {isa = PBXFileReference; lastKnownFileType = sourcecode.c.h; path = AppDelegate.h; sourceTree = "<group>"; };
		3924D58F14AF8845000B972E /* AppDelegate.m */ = {isa = PBXFileReference; lastKnownFileType = sourcecode.c.objc; path = AppDelegate.m; sourceTree = "<group>"; };
		3924D59114AF8845000B972E /* ViewController.h */ = {isa = PBXFileReference; lastKnownFileType = sourcecode.c.h; path = ViewController.h; sourceTree = "<group>"; };
		3924D59214AF8846000B972E /* ViewController.m */ = {isa = PBXFileReference; lastKnownFileType = sourcecode.c.objc; path = ViewController.m; sourceTree = "<group>"; };
		3924D59514AF8846000B972E /* en */ = {isa = PBXFileReference; lastKnownFileType = file.xib; name = en; path = en.lproj/ViewController_iPhone.xib; sourceTree = "<group>"; };
		3924D59814AF8846000B972E /* en */ = {isa = PBXFileReference; lastKnownFileType = file.xib; name = en; path = en.lproj/ViewController_iPad.xib; sourceTree = "<group>"; };
/* End PBXFileReference section */

/* Begin PBXFrameworksBuildPhase section */
		3924D55914AF87CF000B972E /* Frameworks */ = {
			isa = PBXFrameworksBuildPhase;
			buildActionMask = 2147483647;
			files = (
			);
			runOnlyForDeploymentPostprocessing = 0;
		};
		3924D57914AF8845000B972E /* Frameworks */ = {
			isa = PBXFrameworksBuildPhase;
			buildActionMask = 2147483647;
			files = (
				3924D59D14AF8854000B972E /* KSLogger.framework in Frameworks */,
				3924D58014AF8845000B972E /* UIKit.framework in Frameworks */,
				3924D58214AF8845000B972E /* Foundation.framework in Frameworks */,
				3924D58414AF8845000B972E /* CoreGraphics.framework in Frameworks */,
			);
			runOnlyForDeploymentPostprocessing = 0;
		};
/* End PBXFrameworksBuildPhase section */

/* Begin PBXGroup section */
		3924D55014AF87CF000B972E = {
			isa = PBXGroup;
			children = (
				3924D56014AF87CF000B972E /* KSLogger */,
				3924D58514AF8845000B972E /* LoggingTest */,
				3924D57E14AF8845000B972E /* Frameworks */,
				3924D55F14AF87CF000B972E /* Products */,
			);
			sourceTree = "<group>";
		};
		3924D55F14AF87CF000B972E /* Products */ = {
			isa = PBXGroup;
			children = (
				3924D55E14AF87CF000B972E /* KSLogger.framework */,
				3924D57C14AF8845000B972E /* LoggingTest.app */,
			);
			name = Products;
			sourceTree = "<group>";
		};
		3924D56014AF87CF000B972E /* KSLogger */ = {
			isa = PBXGroup;
			children = (
				3924D56C14AF87DB000B972E /* KSLoggerC.c */,
				3924D56D14AF87DB000B972E /* KSLoggerC.h */,
				3924D56E14AF87DB000B972E /* KSLoggerCommon.h */,
				3924D57014AF87DB000B972E /* KSLoggerObjC.h */,
				3924D57114AF87DB000B972E /* KSLoggerObjC.m */,
				3924D56114AF87CF000B972E /* Supporting Files */,
			);
			path = KSLogger;
			sourceTree = "<group>";
		};
		3924D56114AF87CF000B972E /* Supporting Files */ = {
			isa = PBXGroup;
			children = (
				3924D56214AF87CF000B972E /* KSLogger-Info.plist */,
				3924D56314AF87CF000B972E /* InfoPlist.strings */,
				3924D56614AF87CF000B972E /* KSLogger-Prefix.pch */,
			);
			name = "Supporting Files";
			sourceTree = "<group>";
		};
		3924D57E14AF8845000B972E /* Frameworks */ = {
			isa = PBXGroup;
			children = (
				3924D57F14AF8845000B972E /* UIKit.framework */,
				3924D58114AF8845000B972E /* Foundation.framework */,
				3924D58314AF8845000B972E /* CoreGraphics.framework */,
			);
			name = Frameworks;
			sourceTree = "<group>";
		};
		3924D58514AF8845000B972E /* LoggingTest */ = {
			isa = PBXGroup;
			children = (
				3924D58E14AF8845000B972E /* AppDelegate.h */,
				3924D58F14AF8845000B972E /* AppDelegate.m */,
				3924D59114AF8845000B972E /* ViewController.h */,
				3924D59214AF8846000B972E /* ViewController.m */,
				3924D59414AF8846000B972E /* ViewController_iPhone.xib */,
				3924D59714AF8846000B972E /* ViewController_iPad.xib */,
				3924D58614AF8845000B972E /* Supporting Files */,
			);
			path = LoggingTest;
			sourceTree = "<group>";
		};
		3924D58614AF8845000B972E /* Supporting Files */ = {
			isa = PBXGroup;
			children = (
				3924D58714AF8845000B972E /* LoggingTest-Info.plist */,
				3924D58814AF8845000B972E /* InfoPlist.strings */,
				3924D58B14AF8845000B972E /* main.m */,
				3924D58D14AF8845000B972E /* LoggingTest-Prefix.pch */,
			);
			name = "Supporting Files";
			sourceTree = "<group>";
		};
/* End PBXGroup section */

/* Begin PBXHeadersBuildPhase section */
		3924D55A14AF87CF000B972E /* Headers */ = {
			isa = PBXHeadersBuildPhase;
			buildActionMask = 2147483647;
			files = (
				3924D57314AF87DB000B972E /* KSLoggerC.h in Headers */,
				3924D57414AF87DB000B972E /* KSLoggerCommon.h in Headers */,
				3924D57614AF87DB000B972E /* KSLoggerObjC.h in Headers */,
			);
			runOnlyForDeploymentPostprocessing = 0;
		};
/* End PBXHeadersBuildPhase section */

/* Begin PBXNativeTarget section */
		3924D55D14AF87CF000B972E /* KSLogger */ = {
			isa = PBXNativeTarget;
			buildConfigurationList = 3924D56914AF87CF000B972E /* Build configuration list for PBXNativeTarget "KSLogger" */;
			buildPhases = (
				3924D55714AF87CF000B972E /* ShellScript */,
				3924D55814AF87CF000B972E /* Sources */,
				3924D55914AF87CF000B972E /* Frameworks */,
				3924D55A14AF87CF000B972E /* Headers */,
				3924D55B14AF87CF000B972E /* Resources */,
				3924D55C14AF87CF000B972E /* ShellScript */,
			);
			buildRules = (
			);
			dependencies = (
			);
			name = KSLogger;
			productName = KSLogger;
			productReference = 3924D55E14AF87CF000B972E /* KSLogger.framework */;
			productType = "com.apple.product-type.bundle";
		};
		3924D57B14AF8845000B972E /* LoggingTest */ = {
			isa = PBXNativeTarget;
			buildConfigurationList = 3924D59A14AF8846000B972E /* Build configuration list for PBXNativeTarget "LoggingTest" */;
			buildPhases = (
				3924D57814AF8845000B972E /* Sources */,
				3924D57914AF8845000B972E /* Frameworks */,
				3924D57A14AF8845000B972E /* Resources */,
			);
			buildRules = (
			);
			dependencies = (
			);
			name = LoggingTest;
			productName = LoggingTest;
			productReference = 3924D57C14AF8845000B972E /* LoggingTest.app */;
			productType = "com.apple.product-type.application";
		};
/* End PBXNativeTarget section */

/* Begin PBXProject section */
		3924D55214AF87CF000B972E /* Project object */ = {
			isa = PBXProject;
			attributes = {
				LastUpgradeCheck = 0420;
			};
			buildConfigurationList = 3924D55514AF87CF000B972E /* Build configuration list for PBXProject "KSLogger" */;
			compatibilityVersion = "Xcode 3.2";
			developmentRegion = English;
			hasScannedForEncodings = 0;
			knownRegions = (
				en,
			);
			mainGroup = 3924D55014AF87CF000B972E;
			productRefGroup = 3924D55F14AF87CF000B972E /* Products */;
			projectDirPath = "";
			projectRoot = "";
			targets = (
				3924D55D14AF87CF000B972E /* KSLogger */,
				3924D57B14AF8845000B972E /* LoggingTest */,
			);
		};
/* End PBXProject section */

/* Begin PBXResourcesBuildPhase section */
		3924D55B14AF87CF000B972E /* Resources */ = {
			isa = PBXResourcesBuildPhase;
			buildActionMask = 2147483647;
			files = (
				3924D56514AF87CF000B972E /* InfoPlist.strings in Resources */,
			);
			runOnlyForDeploymentPostprocessing = 0;
		};
		3924D57A14AF8845000B972E /* Resources */ = {
			isa = PBXResourcesBuildPhase;
			buildActionMask = 2147483647;
			files = (
				3924D58A14AF8845000B972E /* InfoPlist.strings in Resources */,
				3924D59614AF8846000B972E /* ViewController_iPhone.xib in Resources */,
				3924D59914AF8846000B972E /* ViewController_iPad.xib in Resources */,
			);
			runOnlyForDeploymentPostprocessing = 0;
		};
/* End PBXResourcesBuildPhase section */

/* Begin PBXShellScriptBuildPhase section */
		3924D55714AF87CF000B972E /* ShellScript */ = {
			isa = PBXShellScriptBuildPhase;
			buildActionMask = 2147483647;
			files = (
			);
			inputPaths = (
			);
			outputPaths = (
			);
			runOnlyForDeploymentPostprocessing = 0;
			shellPath = /bin/sh;
			shellScript = "set -e\n\nset +u\nif [[ $UFW_MASTER_SCRIPT_RUNNING ]]\nthen\n    # Nothing for the slave script to do\n    exit 0\nfi\nset -u\n\nif [[ \"$SDK_NAME\" =~ ([A-Za-z]+) ]]\nthen\n    UFW_SDK_PLATFORM=${BASH_REMATCH[1]}\nelse\n    echo \"Could not find platform name from SDK_NAME: $SDK_NAME\"\n    exit 1\nfi\n\nif [[ \"$SDK_NAME\" =~ ([0-9]+.*$) ]]\nthen\n\tUFW_SDK_VERSION=${BASH_REMATCH[1]}\nelse\n    echo \"Could not find sdk version  from SDK_NAME: $SDK_NAME\"\n    exit 1\nfi\n\nif [[ \"$UFW_SDK_PLATFORM\" = \"iphoneos\" ]]\nthen\n    UFW_OTHER_PLATFORM=iphonesimulator\nelse\n    UFW_OTHER_PLATFORM=iphoneos\nfi\n\nif [[ \"$BUILT_PRODUCTS_DIR\" =~ (.*)$UFW_SDK_PLATFORM$ ]]\nthen\n    UFW_OTHER_BUILT_PRODUCTS_DIR=\"${BASH_REMATCH[1]}${UFW_OTHER_PLATFORM}\"\nelse\n    echo \"Could not find $UFW_SDK_PLATFORM in $BUILT_PRODUCTS_DIR\"\n    exit 1\nfi\n\n\n# Short-circuit if all binaries are up to date\n\nif [[ -f \"${BUILT_PRODUCTS_DIR}/${EXECUTABLE_PATH}\" ]] && \\\n   [[ -f \"${BUILT_PRODUCTS_DIR}/${PRODUCT_NAME}.embeddedframework/${EXECUTABLE_PATH}\" ]] && \\\n   [[ ! \"${BUILT_PRODUCTS_DIR}/${EXECUTABLE_PATH}\" -nt \"${BUILT_PRODUCTS_DIR}/${PRODUCT_NAME}.embeddedframework/${EXECUTABLE_PATH}\" ]]\n   [[ -f \"${UFW_OTHER_BUILT_PRODUCTS_DIR}/${EXECUTABLE_PATH}\" ]] && \\\n   [[ -f \"${UFW_OTHER_BUILT_PRODUCTS_DIR}/${PRODUCT_NAME}.embeddedframework/${EXECUTABLE_PATH}\" ]] && \\\n   [[ ! \"${UFW_OTHER_BUILT_PRODUCTS_DIR}/${EXECUTABLE_PATH}\" -nt \"${UFW_OTHER_BUILT_PRODUCTS_DIR}/${PRODUCT_NAME}.embeddedframework/${EXECUTABLE_PATH}\" ]]\nthen\n    exit 0\nfi\n\n\n# Clean other platform if needed\n\nif [[ ! -f \"${BUILT_PRODUCTS_DIR}/${EXECUTABLE_PATH}\" ]]\nthen\n\techo \"Platform \\\"$UFW_SDK_PLATFORM\\\" was cleaned recently. Cleaning \\\"$UFW_OTHER_PLATFORM\\\" as well\"\n\techo xcodebuild -project \"${PROJECT_FILE_PATH}\" -target \"${TARGET_NAME}\" -configuration \"${CONFIGURATION}\" -sdk ${UFW_OTHER_PLATFORM}${UFW_SDK_VERSION} BUILD_DIR=\"${BUILD_DIR}\" CONFIGURATION_TEMP_DIR=\"${PROJECT_TEMP_DIR}/${CONFIGURATION}-${UFW_OTHER_PLATFORM}\" clean\n\txcodebuild -project \"${PROJECT_FILE_PATH}\" -target \"${TARGET_NAME}\" -configuration \"${CONFIGURATION}\" -sdk ${UFW_OTHER_PLATFORM}${UFW_SDK_VERSION} BUILD_DIR=\"${BUILD_DIR}\" CONFIGURATION_TEMP_DIR=\"${PROJECT_TEMP_DIR}/${CONFIGURATION}-${UFW_OTHER_PLATFORM}\" clean\nfi\n\n\n# Make sure we are building from fresh binaries\n\nrm -rf \"${BUILT_PRODUCTS_DIR}/${EXECUTABLE_PATH}\"\nrm -rf \"${BUILT_PRODUCTS_DIR}/${PRODUCT_NAME}.embeddedframework\"\nrm -rf \"${UFW_OTHER_BUILT_PRODUCTS_DIR}/${EXECUTABLE_PATH}\"\nrm -rf \"${UFW_OTHER_BUILT_PRODUCTS_DIR}/${PRODUCT_NAME}.embeddedframework\"\n";
		};
		3924D55C14AF87CF000B972E /* ShellScript */ = {
			isa = PBXShellScriptBuildPhase;
			buildActionMask = 2147483647;
			files = (
			);
			inputPaths = (
			);
			outputPaths = (
			);
			runOnlyForDeploymentPostprocessing = 0;
			shellPath = /bin/sh;
			shellScript = "set -e\n\nset +u\nif [[ $UFW_MASTER_SCRIPT_RUNNING ]]\nthen\n    # Nothing for the slave script to do\n    exit 0\nfi\nset -u\nexport UFW_MASTER_SCRIPT_RUNNING=1\n\n\n# Functions\n\n## List files in the specified directory, storing to the specified array.\n#\n# @param $1 The path to list\n# @param $2 The name of the array to fill\n#\n##\nlist_files ()\n{\n    filelist=$(ls \"$1\")\n    while read line\n    do\n        eval \"$2[\\${#$2[*]}]=\\\"\\$line\\\"\"\n    done <<< \"$filelist\"\n}\n\n\n# Sanity check\n\nif [[ ! -f \"${BUILT_PRODUCTS_DIR}/${EXECUTABLE_PATH}\" ]]\nthen\n    echo \"Framework target \\\"${TARGET_NAME}\\\" had no source files to build from. Make sure your source files have the correct target membership\"\n    exit 1\nfi\n\n\n# Gather information\n\nif [[ \"$SDK_NAME\" =~ ([A-Za-z]+) ]]\nthen\n    UFW_SDK_PLATFORM=${BASH_REMATCH[1]}\nelse\n    echo \"Could not find platform name from SDK_NAME: $SDK_NAME\"\n    exit 1\nfi\n\nif [[ \"$SDK_NAME\" =~ ([0-9]+.*$) ]]\nthen\n    UFW_SDK_VERSION=${BASH_REMATCH[1]}\nelse\n    echo \"Could not find sdk version from SDK_NAME: $SDK_NAME\"\n    exit 1\nfi\n\nif [[ \"$UFW_SDK_PLATFORM\" = \"iphoneos\" ]]\nthen\n    UFW_OTHER_PLATFORM=iphonesimulator\nelse\n    UFW_OTHER_PLATFORM=iphoneos\nfi\n\nif [[ \"$BUILT_PRODUCTS_DIR\" =~ (.*)$UFW_SDK_PLATFORM$ ]]\nthen\n    UFW_OTHER_BUILT_PRODUCTS_DIR=\"${BASH_REMATCH[1]}${UFW_OTHER_PLATFORM}\"\nelse\n    echo \"Could not find $UFW_SDK_PLATFORM in $BUILT_PRODUCTS_DIR\"\n    exit 1\nfi\n\n\n# Short-circuit if all binaries are up to date.\n# We already checked the other platform in the prerun script.\n\nif [[ -f \"${BUILT_PRODUCTS_DIR}/${EXECUTABLE_PATH}\" ]] && [[ -f \"${BUILT_PRODUCTS_DIR}/${PRODUCT_NAME}.embeddedframework/${EXECUTABLE_PATH}\" ]] && [[ ! \"${BUILT_PRODUCTS_DIR}/${EXECUTABLE_PATH}\" -nt \"${BUILT_PRODUCTS_DIR}/${PRODUCT_NAME}.embeddedframework/${EXECUTABLE_PATH}\" ]]\nthen\n    exit 0\nfi\n\n\n# Make sure the other platform gets built\n\necho \"Build other platform\"\n\necho xcodebuild -project \"${PROJECT_FILE_PATH}\" -target \"${TARGET_NAME}\" -configuration \"${CONFIGURATION}\" -sdk ${UFW_OTHER_PLATFORM}${UFW_SDK_VERSION} BUILD_DIR=\"${BUILD_DIR}\" CONFIGURATION_TEMP_DIR=\"${PROJECT_TEMP_DIR}/${CONFIGURATION}-${UFW_OTHER_PLATFORM}\" $ACTION\nxcodebuild -project \"${PROJECT_FILE_PATH}\" -target \"${TARGET_NAME}\" -configuration \"${CONFIGURATION}\" -sdk ${UFW_OTHER_PLATFORM}${UFW_SDK_VERSION} BUILD_DIR=\"${BUILD_DIR}\" CONFIGURATION_TEMP_DIR=\"${PROJECT_TEMP_DIR}/${CONFIGURATION}-${UFW_OTHER_PLATFORM}\" $ACTION\n\n\n# Build the fat static library binary\n\necho \"Create universal static library\"\n\necho \"$PLATFORM_DEVELOPER_BIN_DIR/libtool\" -static \"${BUILT_PRODUCTS_DIR}/${EXECUTABLE_PATH}\" \"${UFW_OTHER_BUILT_PRODUCTS_DIR}/${EXECUTABLE_PATH}\" -o \"${BUILT_PRODUCTS_DIR}/${EXECUTABLE_PATH}.temp\"\n\"$PLATFORM_DEVELOPER_BIN_DIR/libtool\" -static \"${BUILT_PRODUCTS_DIR}/${EXECUTABLE_PATH}\" \"${UFW_OTHER_BUILT_PRODUCTS_DIR}/${EXECUTABLE_PATH}\" -o \"${BUILT_PRODUCTS_DIR}/${EXECUTABLE_PATH}.temp\"\n\necho mv \"${BUILT_PRODUCTS_DIR}/${EXECUTABLE_PATH}.temp\" \"${BUILT_PRODUCTS_DIR}/${EXECUTABLE_PATH}\"\nmv \"${BUILT_PRODUCTS_DIR}/${EXECUTABLE_PATH}.temp\" \"${BUILT_PRODUCTS_DIR}/${EXECUTABLE_PATH}\"\n\n\n# Build framework structure\n\necho \"Build symlinks\"\n\necho ln -sf A \"${BUILT_PRODUCTS_DIR}/${WRAPPER_NAME}/Versions/Current\"\nln -sf A \"${BUILT_PRODUCTS_DIR}/${WRAPPER_NAME}/Versions/Current\"\necho ln -sf Versions/Current/Headers \"${BUILT_PRODUCTS_DIR}/${WRAPPER_NAME}/Headers\"\nln -sf Versions/Current/Headers \"${BUILT_PRODUCTS_DIR}/${WRAPPER_NAME}/Headers\"\necho ln -sf Versions/Current/Resources \"${BUILT_PRODUCTS_DIR}/${WRAPPER_NAME}/Resources\"\nln -sf Versions/Current/Resources \"${BUILT_PRODUCTS_DIR}/${WRAPPER_NAME}/Resources\"\necho ln -sf \"Versions/Current/${EXECUTABLE_NAME}\" \"${BUILT_PRODUCTS_DIR}/${WRAPPER_NAME}/${EXECUTABLE_NAME}\"\nln -sf \"Versions/Current/${EXECUTABLE_NAME}\" \"${BUILT_PRODUCTS_DIR}/${WRAPPER_NAME}/${EXECUTABLE_NAME}\"\n\n\n# Link to binary for unit tests\n\nmkdir -p \"${BUILT_PRODUCTS_DIR}/.fake_fw_testing.framework\"\nln -sf \"../${WRAPPER_NAME}/${EXECUTABLE_NAME}\" \"${BUILT_PRODUCTS_DIR}/.fake_fw_testing.framework/.fake_fw_testing\"\n\n\n# Build embedded framework structure\n\necho \"Build Embedded Framework\"\n\necho rm -rf \"${BUILT_PRODUCTS_DIR}/${PRODUCT_NAME}.embeddedframework\"\nrm -rf \"${BUILT_PRODUCTS_DIR}/${PRODUCT_NAME}.embeddedframework\"\necho mkdir -p \"${BUILT_PRODUCTS_DIR}/${PRODUCT_NAME}.embeddedframework/Resources\"\nmkdir -p \"${BUILT_PRODUCTS_DIR}/${PRODUCT_NAME}.embeddedframework/Resources\"\necho cp -a \"${BUILT_PRODUCTS_DIR}/${WRAPPER_NAME}\" \"${BUILT_PRODUCTS_DIR}/${PRODUCT_NAME}.embeddedframework/\"\ncp -a \"${BUILT_PRODUCTS_DIR}/${WRAPPER_NAME}\" \"${BUILT_PRODUCTS_DIR}/${PRODUCT_NAME}.embeddedframework/\"\n\ndeclare -a UFW_FILE_LIST\nlist_files \"${BUILT_PRODUCTS_DIR}/${UNLOCALIZED_RESOURCES_FOLDER_PATH}\" UFW_FILE_LIST\nfor filename in \"${UFW_FILE_LIST[@]}\"\ndo\n    if [[ \"${filename}\" != \"Info.plist\" ]] && [[ ! \"${filename}\" =~ .*\\.lproj$ ]]\n    then\n        echo ln -sf \"../${WRAPPER_NAME}/Resources/${filename}\" \"${BUILT_PRODUCTS_DIR}/${PRODUCT_NAME}.embeddedframework/Resources/${filename}\"\n        ln -sf \"../${WRAPPER_NAME}/Resources/${filename}\" \"${BUILT_PRODUCTS_DIR}/${PRODUCT_NAME}.embeddedframework/Resources/${filename}\"\n    fi\ndone\n\n\n# Replace other platform's framework with a copy of this one (so that both have the same universal binary)\n\necho \"Copy from $UFW_SDK_PLATFORM to $UFW_OTHER_PLATFORM\"\n\necho rm -rf \"${BUILD_DIR}/${CONFIGURATION}-${UFW_OTHER_PLATFORM}\"\nrm -rf \"${BUILD_DIR}/${CONFIGURATION}-${UFW_OTHER_PLATFORM}\"\necho cp -a \"${BUILD_DIR}/${CONFIGURATION}-${UFW_SDK_PLATFORM}\" \"${BUILD_DIR}/${CONFIGURATION}-${UFW_OTHER_PLATFORM}\"\ncp -a \"${BUILD_DIR}/${CONFIGURATION}-${UFW_SDK_PLATFORM}\" \"${BUILD_DIR}/${CONFIGURATION}-${UFW_OTHER_PLATFORM}\"\n";
		};
/* End PBXShellScriptBuildPhase section */

/* Begin PBXSourcesBuildPhase section */
		3924D55814AF87CF000B972E /* Sources */ = {
			isa = PBXSourcesBuildPhase;
			buildActionMask = 2147483647;
			files = (
				3924D57214AF87DB000B972E /* KSLoggerC.c in Sources */,
				3924D57714AF87DB000B972E /* KSLoggerObjC.m in Sources */,
			);
			runOnlyForDeploymentPostprocessing = 0;
		};
		3924D57814AF8845000B972E /* Sources */ = {
			isa = PBXSourcesBuildPhase;
			buildActionMask = 2147483647;
			files = (
				3924D58C14AF8845000B972E /* main.m in Sources */,
				3924D59014AF8845000B972E /* AppDelegate.m in Sources */,
				3924D59314AF8846000B972E /* ViewController.m in Sources */,
			);
			runOnlyForDeploymentPostprocessing = 0;
		};
/* End PBXSourcesBuildPhase section */

/* Begin PBXVariantGroup section */
		3924D56314AF87CF000B972E /* InfoPlist.strings */ = {
			isa = PBXVariantGroup;
			children = (
				3924D56414AF87CF000B972E /* en */,
			);
			name = InfoPlist.strings;
			sourceTree = "<group>";
		};
		3924D58814AF8845000B972E /* InfoPlist.strings */ = {
			isa = PBXVariantGroup;
			children = (
				3924D58914AF8845000B972E /* en */,
			);
			name = InfoPlist.strings;
			sourceTree = "<group>";
		};
		3924D59414AF8846000B972E /* ViewController_iPhone.xib */ = {
			isa = PBXVariantGroup;
			children = (
				3924D59514AF8846000B972E /* en */,
			);
			name = ViewController_iPhone.xib;
			sourceTree = "<group>";
		};
		3924D59714AF8846000B972E /* ViewController_iPad.xib */ = {
			isa = PBXVariantGroup;
			children = (
				3924D59814AF8846000B972E /* en */,
			);
			name = ViewController_iPad.xib;
			sourceTree = "<group>";
		};
/* End PBXVariantGroup section */

/* Begin XCBuildConfiguration section */
		3924D56714AF87CF000B972E /* Debug */ = {
			isa = XCBuildConfiguration;
			buildSettings = {
				ALWAYS_SEARCH_USER_PATHS = NO;
				ARCHS = "$(ARCHS_STANDARD_32_BIT)";
				CLANG_WARN_DEPRECATED_OBJC_IMPLEMENTATIONS = YES;
				CLANG_WARN_IMPLICIT_SIGN_CONVERSION = YES;
				CLANG_WARN_OBJCPP_ARC_ABI = YES;
				CLANG_WARN_OBJC_IMPLICIT_ATOMIC_PROPERTIES = YES;
				CLANG_WARN_SUSPICIOUS_IMPLICIT_CONVERSION = YES;
				COPY_PHASE_STRIP = NO;
				GCC_C_LANGUAGE_STANDARD = gnu99;
				GCC_DYNAMIC_NO_PIC = NO;
				GCC_OPTIMIZATION_LEVEL = 0;
				GCC_PREPROCESSOR_DEFINITIONS = (
					"DEBUG=1",
					"$(inherited)",
				);
				GCC_SYMBOLS_PRIVATE_EXTERN = NO;
				GCC_VERSION = com.apple.compilers.llvm.clang.1_0;
				GCC_WARN_64_TO_32_BIT_CONVERSION = YES;
				GCC_WARN_ABOUT_MISSING_FIELD_INITIALIZERS = YES;
				GCC_WARN_ABOUT_MISSING_NEWLINE = YES;
				GCC_WARN_ABOUT_MISSING_PROTOTYPES = YES;
				GCC_WARN_ABOUT_RETURN_TYPE = YES;
				GCC_WARN_FOUR_CHARACTER_CONSTANTS = YES;
				GCC_WARN_HIDDEN_VIRTUAL_FUNCTIONS = YES;
				GCC_WARN_INITIALIZER_NOT_FULLY_BRACKETED = YES;
				GCC_WARN_MULTIPLE_DEFINITION_TYPES_FOR_SELECTOR = YES;
				GCC_WARN_NON_VIRTUAL_DESTRUCTOR = YES;
				GCC_WARN_SHADOW = YES;
				GCC_WARN_SIGN_COMPARE = YES;
				GCC_WARN_STRICT_SELECTOR_MATCH = YES;
				GCC_WARN_UNDECLARED_SELECTOR = YES;
				GCC_WARN_UNINITIALIZED_AUTOS = YES;
				GCC_WARN_UNKNOWN_PRAGMAS = YES;
				GCC_WARN_UNUSED_FUNCTION = YES;
				GCC_WARN_UNUSED_LABEL = YES;
				GCC_WARN_UNUSED_PARAMETER = YES;
				GCC_WARN_UNUSED_VARIABLE = YES;
				IPHONEOS_DEPLOYMENT_TARGET = 5.0;
				SDKROOT = iphoneos;
			};
			name = Debug;
		};
		3924D56814AF87CF000B972E /* Release */ = {
			isa = XCBuildConfiguration;
			buildSettings = {
				ALWAYS_SEARCH_USER_PATHS = NO;
				ARCHS = "$(ARCHS_STANDARD_32_BIT)";
				CLANG_WARN_DEPRECATED_OBJC_IMPLEMENTATIONS = YES;
				CLANG_WARN_IMPLICIT_SIGN_CONVERSION = YES;
				CLANG_WARN_OBJCPP_ARC_ABI = YES;
				CLANG_WARN_OBJC_IMPLICIT_ATOMIC_PROPERTIES = YES;
				CLANG_WARN_SUSPICIOUS_IMPLICIT_CONVERSION = YES;
				COPY_PHASE_STRIP = YES;
				GCC_C_LANGUAGE_STANDARD = gnu99;
				GCC_VERSION = com.apple.compilers.llvm.clang.1_0;
				GCC_WARN_64_TO_32_BIT_CONVERSION = YES;
				GCC_WARN_ABOUT_MISSING_FIELD_INITIALIZERS = YES;
				GCC_WARN_ABOUT_MISSING_NEWLINE = YES;
				GCC_WARN_ABOUT_MISSING_PROTOTYPES = YES;
				GCC_WARN_ABOUT_RETURN_TYPE = YES;
				GCC_WARN_FOUR_CHARACTER_CONSTANTS = YES;
				GCC_WARN_HIDDEN_VIRTUAL_FUNCTIONS = YES;
				GCC_WARN_INITIALIZER_NOT_FULLY_BRACKETED = YES;
				GCC_WARN_MULTIPLE_DEFINITION_TYPES_FOR_SELECTOR = YES;
				GCC_WARN_NON_VIRTUAL_DESTRUCTOR = YES;
				GCC_WARN_SHADOW = YES;
				GCC_WARN_SIGN_COMPARE = YES;
				GCC_WARN_STRICT_SELECTOR_MATCH = YES;
				GCC_WARN_UNDECLARED_SELECTOR = YES;
				GCC_WARN_UNINITIALIZED_AUTOS = YES;
				GCC_WARN_UNKNOWN_PRAGMAS = YES;
				GCC_WARN_UNUSED_FUNCTION = YES;
				GCC_WARN_UNUSED_LABEL = YES;
				GCC_WARN_UNUSED_PARAMETER = YES;
				GCC_WARN_UNUSED_VARIABLE = YES;
				IPHONEOS_DEPLOYMENT_TARGET = 5.0;
				SDKROOT = iphoneos;
				VALIDATE_PRODUCT = YES;
			};
			name = Release;
		};
		3924D56A14AF87CF000B972E /* Debug */ = {
			isa = XCBuildConfiguration;
			buildSettings = {
				CONTENTS_FOLDER_PATH = "$(WRAPPER_NAME)/Versions/$(FRAMEWORK_VERSION)";
				DEAD_CODE_STRIPPING = NO;
				DEPLOYMENT_POSTPROCESSING = YES;
				DYLIB_COMPATIBILITY_VERSION = 1;
				DYLIB_CURRENT_VERSION = 1;
				FRAMEWORK_VERSION = A;
				GCC_PRECOMPILE_PREFIX_HEADER = YES;
				GCC_PREFIX_HEADER = "KSLogger/KSLogger-Prefix.pch";
				GCC_PREPROCESSOR_DEFINITIONS = (
					"KSLogger_CBufferSize=2048",
					"$(inherited)",
				);
				GCC_WARN_PEDANTIC = YES;
				INFOPLIST_FILE = "KSLogger/KSLogger-Info.plist";
				INFOPLIST_PATH = "$(UNLOCALIZED_RESOURCES_FOLDER_PATH)/Info.plist";
				INSTALL_PATH = "$(BUILT_PRODUCTS_DIR)";
				LINK_WITH_STANDARD_LIBRARIES = NO;
				MACH_O_TYPE = mh_object;
				PRODUCT_NAME = "$(TARGET_NAME)";
				SKIP_INSTALL = YES;
				UNLOCALIZED_RESOURCES_FOLDER_PATH = "$(CONTENTS_FOLDER_PATH)/Resources";
				WRAPPER_EXTENSION = framework;
			};
			name = Debug;
		};
		3924D56B14AF87CF000B972E /* Release */ = {
			isa = XCBuildConfiguration;
			buildSettings = {
				CONTENTS_FOLDER_PATH = "$(WRAPPER_NAME)/Versions/$(FRAMEWORK_VERSION)";
				DEAD_CODE_STRIPPING = NO;
				DEPLOYMENT_POSTPROCESSING = YES;
				DYLIB_COMPATIBILITY_VERSION = 1;
				DYLIB_CURRENT_VERSION = 1;
				FRAMEWORK_VERSION = A;
				GCC_PRECOMPILE_PREFIX_HEADER = YES;
				GCC_PREFIX_HEADER = "KSLogger/KSLogger-Prefix.pch";
				GCC_PREPROCESSOR_DEFINITIONS = (
					"KSLogger_CBufferSize=2048",
					"$(inherited)",
				);
				GCC_WARN_PEDANTIC = YES;
				INFOPLIST_FILE = "KSLogger/KSLogger-Info.plist";
				INFOPLIST_PATH = "$(UNLOCALIZED_RESOURCES_FOLDER_PATH)/Info.plist";
				INSTALL_PATH = "$(BUILT_PRODUCTS_DIR)";
				LINK_WITH_STANDARD_LIBRARIES = NO;
				MACH_O_TYPE = mh_object;
				PRODUCT_NAME = "$(TARGET_NAME)";
				SKIP_INSTALL = YES;
				UNLOCALIZED_RESOURCES_FOLDER_PATH = "$(CONTENTS_FOLDER_PATH)/Resources";
				WRAPPER_EXTENSION = framework;
			};
			name = Release;
		};
		3924D59B14AF8846000B972E /* Debug */ = {
			isa = XCBuildConfiguration;
			buildSettings = {
				"CODE_SIGN_IDENTITY[sdk=iphoneos*]" = "iPhone Developer";
				GCC_PRECOMPILE_PREFIX_HEADER = YES;
				GCC_PREFIX_HEADER = "LoggingTest/LoggingTest-Prefix.pch";
				GCC_PREPROCESSOR_DEFINITIONS = (
					"KSLogger_Level=DEBUG",
					"$(inherited)",
				);
				INFOPLIST_FILE = "LoggingTest/LoggingTest-Info.plist";
				OTHER_LDFLAGS = (
					"-framework",
					KSLogger,
				);
				PRODUCT_NAME = "$(TARGET_NAME)";
				TARGETED_DEVICE_FAMILY = "1,2";
				WRAPPER_EXTENSION = app;
			};
			name = Debug;
		};
		3924D59C14AF8846000B972E /* Release */ = {
			isa = XCBuildConfiguration;
			buildSettings = {
				"CODE_SIGN_IDENTITY[sdk=iphoneos*]" = "iPhone Developer";
				GCC_PRECOMPILE_PREFIX_HEADER = YES;
				GCC_PREFIX_HEADER = "LoggingTest/LoggingTest-Prefix.pch";
				GCC_PREPROCESSOR_DEFINITIONS = (
					"KSLogger_Level=DEBUG",
					"$(inherited)",
				);
				INFOPLIST_FILE = "LoggingTest/LoggingTest-Info.plist";
				OTHER_CFLAGS = "-DNS_BLOCK_ASSERTIONS=1";
				OTHER_LDFLAGS = (
					"-framework",
					KSLogger,
				);
				PRODUCT_NAME = "$(TARGET_NAME)";
				TARGETED_DEVICE_FAMILY = "1,2";
				WRAPPER_EXTENSION = app;
			};
			name = Release;
		};
/* End XCBuildConfiguration section */

/* Begin XCConfigurationList section */
		3924D55514AF87CF000B972E /* Build configuration list for PBXProject "KSLogger" */ = {
			isa = XCConfigurationList;
			buildConfigurations = (
				3924D56714AF87CF000B972E /* Debug */,
				3924D56814AF87CF000B972E /* Release */,
			);
			defaultConfigurationIsVisible = 0;
			defaultConfigurationName = Release;
		};
		3924D56914AF87CF000B972E /* Build configuration list for PBXNativeTarget "KSLogger" */ = {
			isa = XCConfigurationList;
			buildConfigurations = (
				3924D56A14AF87CF000B972E /* Debug */,
				3924D56B14AF87CF000B972E /* Release */,
			);
			defaultConfigurationIsVisible = 0;
		};
		3924D59A14AF8846000B972E /* Build configuration list for PBXNativeTarget "LoggingTest" */ = {
			isa = XCConfigurationList;
			buildConfigurations = (
				3924D59B14AF8846000B972E /* Debug */,
				3924D59C14AF8846000B972E /* Release */,
			);
			defaultConfigurationIsVisible = 0;
		};
/* End XCConfigurationList section */
	};
	rootObject = 3924D55214AF87CF000B972E /* Project object */;
}
