// !$*UTF8*$!
{
	archiveVersion = 1;
	classes = {
	};
	objectVersion = 46;
	objects = {

/* Begin PBXBuildFile section */
		3981685C14B6121500DA3281 /* InfoPlist.strings in Resources */ = {isa = PBXBuildFile; fileRef = 3981685A14B6121500DA3281 /* InfoPlist.strings */; };
		3981686814B6128700DA3281 /* KSLoggerC.c in Sources */ = {isa = PBXBuildFile; fileRef = 3981686314B6128700DA3281 /* KSLoggerC.c */; };
		3981686914B6128700DA3281 /* KSLoggerC.h in Headers */ = {isa = PBXBuildFile; fileRef = 3981686414B6128700DA3281 /* KSLoggerC.h */; settings = {ATTRIBUTES = (Public, ); }; };
		3981686A14B6128700DA3281 /* KSLoggerCommon.h in Headers */ = {isa = PBXBuildFile; fileRef = 3981686514B6128700DA3281 /* KSLoggerCommon.h */; settings = {ATTRIBUTES = (Public, ); }; };
		3981686B14B6128700DA3281 /* KSLoggerObjC.h in Headers */ = {isa = PBXBuildFile; fileRef = 3981686614B6128700DA3281 /* KSLoggerObjC.h */; settings = {ATTRIBUTES = (Public, ); }; };
		3981686C14B6128700DA3281 /* KSLoggerObjC.m in Sources */ = {isa = PBXBuildFile; fileRef = 3981686714B6128700DA3281 /* KSLoggerObjC.m */; };
		3981687514B612A500DA3281 /* UIKit.framework in Frameworks */ = {isa = PBXBuildFile; fileRef = 3981687414B612A500DA3281 /* UIKit.framework */; };
		3981687714B612A500DA3281 /* Foundation.framework in Frameworks */ = {isa = PBXBuildFile; fileRef = 3981687614B612A500DA3281 /* Foundation.framework */; };
		3981687914B612A500DA3281 /* CoreGraphics.framework in Frameworks */ = {isa = PBXBuildFile; fileRef = 3981687814B612A500DA3281 /* CoreGraphics.framework */; };
		3981687F14B612A500DA3281 /* InfoPlist.strings in Resources */ = {isa = PBXBuildFile; fileRef = 3981687D14B612A500DA3281 /* InfoPlist.strings */; };
		3981688114B612A500DA3281 /* main.m in Sources */ = {isa = PBXBuildFile; fileRef = 3981688014B612A500DA3281 /* main.m */; };
		3981688514B612A500DA3281 /* AppDelegate.m in Sources */ = {isa = PBXBuildFile; fileRef = 3981688414B612A500DA3281 /* AppDelegate.m */; };
		3981688814B612A500DA3281 /* ViewController.m in Sources */ = {isa = PBXBuildFile; fileRef = 3981688714B612A500DA3281 /* ViewController.m */; };
		3981688B14B612A500DA3281 /* ViewController_iPhone.xib in Resources */ = {isa = PBXBuildFile; fileRef = 3981688914B612A500DA3281 /* ViewController_iPhone.xib */; };
		3981688E14B612A500DA3281 /* ViewController_iPad.xib in Resources */ = {isa = PBXBuildFile; fileRef = 3981688C14B612A500DA3281 /* ViewController_iPad.xib */; };
		3981689214B612E500DA3281 /* KSLogger.framework in Frameworks */ = {isa = PBXBuildFile; fileRef = 3981685514B6121500DA3281 /* KSLogger.framework */; };
		3981689814B6132B00DA3281 /* ARCSafe_MemMgmt.h in Headers */ = {isa = PBXBuildFile; fileRef = 3981689714B6132B00DA3281 /* ARCSafe_MemMgmt.h */; };
/* End PBXBuildFile section */

/* Begin PBXFileReference section */
		3981685514B6121500DA3281 /* KSLogger.framework */ = {isa = PBXFileReference; explicitFileType = wrapper.cfbundle; includeInIndex = 0; path = KSLogger.framework; sourceTree = BUILT_PRODUCTS_DIR; };
		3981685914B6121500DA3281 /* KSLogger-Info.plist */ = {isa = PBXFileReference; lastKnownFileType = text.plist.xml; path = "KSLogger-Info.plist"; sourceTree = "<group>"; };
		3981685B14B6121500DA3281 /* en */ = {isa = PBXFileReference; lastKnownFileType = text.plist.strings; name = en; path = en.lproj/InfoPlist.strings; sourceTree = "<group>"; };
		3981685D14B6121500DA3281 /* KSLogger-Prefix.pch */ = {isa = PBXFileReference; lastKnownFileType = sourcecode.c.h; path = "KSLogger-Prefix.pch"; sourceTree = "<group>"; };
		3981686314B6128700DA3281 /* KSLoggerC.c */ = {isa = PBXFileReference; fileEncoding = 4; lastKnownFileType = sourcecode.c.c; path = KSLoggerC.c; sourceTree = "<group>"; };
		3981686414B6128700DA3281 /* KSLoggerC.h */ = {isa = PBXFileReference; fileEncoding = 4; lastKnownFileType = sourcecode.c.h; path = KSLoggerC.h; sourceTree = "<group>"; };
		3981686514B6128700DA3281 /* KSLoggerCommon.h */ = {isa = PBXFileReference; fileEncoding = 4; lastKnownFileType = sourcecode.c.h; path = KSLoggerCommon.h; sourceTree = "<group>"; };
		3981686614B6128700DA3281 /* KSLoggerObjC.h */ = {isa = PBXFileReference; fileEncoding = 4; lastKnownFileType = sourcecode.c.h; path = KSLoggerObjC.h; sourceTree = "<group>"; };
		3981686714B6128700DA3281 /* KSLoggerObjC.m */ = {isa = PBXFileReference; fileEncoding = 4; lastKnownFileType = sourcecode.c.objc; path = KSLoggerObjC.m; sourceTree = "<group>"; };
		3981687114B612A500DA3281 /* LoggingTest.app */ = {isa = PBXFileReference; explicitFileType = wrapper.application; includeInIndex = 0; path = LoggingTest.app; sourceTree = BUILT_PRODUCTS_DIR; };
		3981687414B612A500DA3281 /* UIKit.framework */ = {isa = PBXFileReference; lastKnownFileType = wrapper.framework; name = UIKit.framework; path = System/Library/Frameworks/UIKit.framework; sourceTree = SDKROOT; };
		3981687614B612A500DA3281 /* Foundation.framework */ = {isa = PBXFileReference; lastKnownFileType = wrapper.framework; name = Foundation.framework; path = System/Library/Frameworks/Foundation.framework; sourceTree = SDKROOT; };
		3981687814B612A500DA3281 /* CoreGraphics.framework */ = {isa = PBXFileReference; lastKnownFileType = wrapper.framework; name = CoreGraphics.framework; path = System/Library/Frameworks/CoreGraphics.framework; sourceTree = SDKROOT; };
		3981687C14B612A500DA3281 /* LoggingTest-Info.plist */ = {isa = PBXFileReference; lastKnownFileType = text.plist.xml; path = "LoggingTest-Info.plist"; sourceTree = "<group>"; };
		3981687E14B612A500DA3281 /* en */ = {isa = PBXFileReference; lastKnownFileType = text.plist.strings; name = en; path = en.lproj/InfoPlist.strings; sourceTree = "<group>"; };
		3981688014B612A500DA3281 /* main.m */ = {isa = PBXFileReference; lastKnownFileType = sourcecode.c.objc; path = main.m; sourceTree = "<group>"; };
		3981688214B612A500DA3281 /* LoggingTest-Prefix.pch */ = {isa = PBXFileReference; lastKnownFileType = sourcecode.c.h; path = "LoggingTest-Prefix.pch"; sourceTree = "<group>"; };
		3981688314B612A500DA3281 /* AppDelegate.h */ = {isa = PBXFileReference; lastKnownFileType = sourcecode.c.h; path = AppDelegate.h; sourceTree = "<group>"; };
		3981688414B612A500DA3281 /* AppDelegate.m */ = {isa = PBXFileReference; lastKnownFileType = sourcecode.c.objc; path = AppDelegate.m; sourceTree = "<group>"; };
		3981688614B612A500DA3281 /* ViewController.h */ = {isa = PBXFileReference; lastKnownFileType = sourcecode.c.h; path = ViewController.h; sourceTree = "<group>"; };
		3981688714B612A500DA3281 /* ViewController.m */ = {isa = PBXFileReference; lastKnownFileType = sourcecode.c.objc; path = ViewController.m; sourceTree = "<group>"; };
		3981688A14B612A500DA3281 /* en */ = {isa = PBXFileReference; lastKnownFileType = file.xib; name = en; path = en.lproj/ViewController_iPhone.xib; sourceTree = "<group>"; };
		3981688D14B612A500DA3281 /* en */ = {isa = PBXFileReference; lastKnownFileType = file.xib; name = en; path = en.lproj/ViewController_iPad.xib; sourceTree = "<group>"; };
		3981689714B6132B00DA3281 /* ARCSafe_MemMgmt.h */ = {isa = PBXFileReference; fileEncoding = 4; lastKnownFileType = sourcecode.c.h; path = ARCSafe_MemMgmt.h; sourceTree = "<group>"; };
/* End PBXFileReference section */

/* Begin PBXFrameworksBuildPhase section */
		3981685014B6121500DA3281 /* Frameworks */ = {
			isa = PBXFrameworksBuildPhase;
			buildActionMask = 2147483647;
			files = (
			);
			runOnlyForDeploymentPostprocessing = 0;
		};
		3981686E14B612A500DA3281 /* Frameworks */ = {
			isa = PBXFrameworksBuildPhase;
			buildActionMask = 2147483647;
			files = (
				3981689214B612E500DA3281 /* KSLogger.framework in Frameworks */,
				3981687514B612A500DA3281 /* UIKit.framework in Frameworks */,
				3981687714B612A500DA3281 /* Foundation.framework in Frameworks */,
				3981687914B612A500DA3281 /* CoreGraphics.framework in Frameworks */,
			);
			runOnlyForDeploymentPostprocessing = 0;
		};
/* End PBXFrameworksBuildPhase section */

/* Begin PBXGroup section */
		3981684714B6121400DA3281 = {
			isa = PBXGroup;
			children = (
				3981685714B6121500DA3281 /* KSLogger */,
				3981687A14B612A500DA3281 /* LoggingTest */,
				3981687314B612A500DA3281 /* Frameworks */,
				3981685614B6121500DA3281 /* Products */,
			);
			sourceTree = "<group>";
		};
		3981685614B6121500DA3281 /* Products */ = {
			isa = PBXGroup;
			children = (
				3981685514B6121500DA3281 /* KSLogger.framework */,
				3981687114B612A500DA3281 /* LoggingTest.app */,
			);
			name = Products;
			sourceTree = "<group>";
		};
		3981685714B6121500DA3281 /* KSLogger */ = {
			isa = PBXGroup;
			children = (
				3981686314B6128700DA3281 /* KSLoggerC.c */,
				3981686414B6128700DA3281 /* KSLoggerC.h */,
				3981686514B6128700DA3281 /* KSLoggerCommon.h */,
				3981686614B6128700DA3281 /* KSLoggerObjC.h */,
				3981686714B6128700DA3281 /* KSLoggerObjC.m */,
				3981685814B6121500DA3281 /* Supporting Files */,
			);
			path = KSLogger;
			sourceTree = "<group>";
		};
		3981685814B6121500DA3281 /* Supporting Files */ = {
			isa = PBXGroup;
			children = (
				3981685914B6121500DA3281 /* KSLogger-Info.plist */,
				3981685A14B6121500DA3281 /* InfoPlist.strings */,
				3981685D14B6121500DA3281 /* KSLogger-Prefix.pch */,
			);
			name = "Supporting Files";
			sourceTree = "<group>";
		};
		3981687314B612A500DA3281 /* Frameworks */ = {
			isa = PBXGroup;
			children = (
				3981687414B612A500DA3281 /* UIKit.framework */,
				3981687614B612A500DA3281 /* Foundation.framework */,
				3981687814B612A500DA3281 /* CoreGraphics.framework */,
			);
			name = Frameworks;
			sourceTree = "<group>";
		};
		3981687A14B612A500DA3281 /* LoggingTest */ = {
			isa = PBXGroup;
			children = (
				3981689714B6132B00DA3281 /* ARCSafe_MemMgmt.h */,
				3981688314B612A500DA3281 /* AppDelegate.h */,
				3981688414B612A500DA3281 /* AppDelegate.m */,
				3981688614B612A500DA3281 /* ViewController.h */,
				3981688714B612A500DA3281 /* ViewController.m */,
				3981688914B612A500DA3281 /* ViewController_iPhone.xib */,
				3981688C14B612A500DA3281 /* ViewController_iPad.xib */,
				3981687B14B612A500DA3281 /* Supporting Files */,
			);
			path = LoggingTest;
			sourceTree = "<group>";
		};
		3981687B14B612A500DA3281 /* Supporting Files */ = {
			isa = PBXGroup;
			children = (
				3981687C14B612A500DA3281 /* LoggingTest-Info.plist */,
				3981687D14B612A500DA3281 /* InfoPlist.strings */,
				3981688014B612A500DA3281 /* main.m */,
				3981688214B612A500DA3281 /* LoggingTest-Prefix.pch */,
			);
			name = "Supporting Files";
			sourceTree = "<group>";
		};
/* End PBXGroup section */

/* Begin PBXHeadersBuildPhase section */
		3981685114B6121500DA3281 /* Headers */ = {
			isa = PBXHeadersBuildPhase;
			buildActionMask = 2147483647;
			files = (
				3981686914B6128700DA3281 /* KSLoggerC.h in Headers */,
				3981686A14B6128700DA3281 /* KSLoggerCommon.h in Headers */,
				3981686B14B6128700DA3281 /* KSLoggerObjC.h in Headers */,
				3981689814B6132B00DA3281 /* ARCSafe_MemMgmt.h in Headers */,
			);
			runOnlyForDeploymentPostprocessing = 0;
		};
/* End PBXHeadersBuildPhase section */

/* Begin PBXNativeTarget section */
		3981685414B6121500DA3281 /* KSLogger */ = {
			isa = PBXNativeTarget;
			buildConfigurationList = 3981686014B6121500DA3281 /* Build configuration list for PBXNativeTarget "KSLogger" */;
			buildPhases = (
				3981684E14B6121500DA3281 /* ShellScript */,
				3981684F14B6121500DA3281 /* Sources */,
				3981685014B6121500DA3281 /* Frameworks */,
				3981685114B6121500DA3281 /* Headers */,
				3981685214B6121500DA3281 /* Resources */,
				3981685314B6121500DA3281 /* ShellScript */,
			);
			buildRules = (
			);
			dependencies = (
			);
			name = KSLogger;
			productName = KSLogger;
			productReference = 3981685514B6121500DA3281 /* KSLogger.framework */;
			productType = "com.apple.product-type.bundle";
		};
		3981687014B612A500DA3281 /* LoggingTest */ = {
			isa = PBXNativeTarget;
			buildConfigurationList = 3981688F14B612A500DA3281 /* Build configuration list for PBXNativeTarget "LoggingTest" */;
			buildPhases = (
				3981686D14B612A500DA3281 /* Sources */,
				3981686E14B612A500DA3281 /* Frameworks */,
				3981686F14B612A500DA3281 /* Resources */,
			);
			buildRules = (
			);
			dependencies = (
			);
			name = LoggingTest;
			productName = LoggingTest;
			productReference = 3981687114B612A500DA3281 /* LoggingTest.app */;
			productType = "com.apple.product-type.application";
		};
/* End PBXNativeTarget section */

/* Begin PBXProject section */
		3981684914B6121400DA3281 /* Project object */ = {
			isa = PBXProject;
			attributes = {
				LastUpgradeCheck = 0420;
			};
			buildConfigurationList = 3981684C14B6121400DA3281 /* Build configuration list for PBXProject "KSLogger" */;
			compatibilityVersion = "Xcode 3.2";
			developmentRegion = English;
			hasScannedForEncodings = 0;
			knownRegions = (
				en,
			);
			mainGroup = 3981684714B6121400DA3281;
			productRefGroup = 3981685614B6121500DA3281 /* Products */;
			projectDirPath = "";
			projectRoot = "";
			targets = (
				3981685414B6121500DA3281 /* KSLogger */,
				3981687014B612A500DA3281 /* LoggingTest */,
			);
		};
/* End PBXProject section */

/* Begin PBXResourcesBuildPhase section */
		3981685214B6121500DA3281 /* Resources */ = {
			isa = PBXResourcesBuildPhase;
			buildActionMask = 2147483647;
			files = (
				3981685C14B6121500DA3281 /* InfoPlist.strings in Resources */,
			);
			runOnlyForDeploymentPostprocessing = 0;
		};
		3981686F14B612A500DA3281 /* Resources */ = {
			isa = PBXResourcesBuildPhase;
			buildActionMask = 2147483647;
			files = (
				3981687F14B612A500DA3281 /* InfoPlist.strings in Resources */,
				3981688B14B612A500DA3281 /* ViewController_iPhone.xib in Resources */,
				3981688E14B612A500DA3281 /* ViewController_iPad.xib in Resources */,
			);
			runOnlyForDeploymentPostprocessing = 0;
		};
/* End PBXResourcesBuildPhase section */

/* Begin PBXShellScriptBuildPhase section */
		3981684E14B6121500DA3281 /* ShellScript */ = {
			isa = PBXShellScriptBuildPhase;
			buildActionMask = 2147483647;
			files = (
			);
			inputPaths = (
			);
			outputPaths = (
			);
			runOnlyForDeploymentPostprocessing = 0;
			shellPath = /bin/sh;
			shellScript = "set -e\n\nset +u\nif [[ $UFW_MASTER_SCRIPT_RUNNING ]]\nthen\n    # Nothing for the slave script to do\n    exit 0\nfi\nset -u\n\nif [[ \"$SDK_NAME\" =~ ([A-Za-z]+) ]]\nthen\n    UFW_SDK_PLATFORM=${BASH_REMATCH[1]}\nelse\n    echo \"Could not find platform name from SDK_NAME: $SDK_NAME\"\n    exit 1\nfi\n\nif [[ \"$SDK_NAME\" =~ ([0-9]+.*$) ]]\nthen\n\tUFW_SDK_VERSION=${BASH_REMATCH[1]}\nelse\n    echo \"Could not find sdk version  from SDK_NAME: $SDK_NAME\"\n    exit 1\nfi\n\nif [[ \"$UFW_SDK_PLATFORM\" = \"iphoneos\" ]]\nthen\n    UFW_OTHER_PLATFORM=iphonesimulator\nelse\n    UFW_OTHER_PLATFORM=iphoneos\nfi\n\nif [[ \"$BUILT_PRODUCTS_DIR\" =~ (.*)$UFW_SDK_PLATFORM$ ]]\nthen\n    UFW_OTHER_BUILT_PRODUCTS_DIR=\"${BASH_REMATCH[1]}${UFW_OTHER_PLATFORM}\"\nelse\n    echo \"Could not find $UFW_SDK_PLATFORM in $BUILT_PRODUCTS_DIR\"\n    exit 1\nfi\n\n\n# Short-circuit if all binaries are up to date\n\nif [[ -f \"${BUILT_PRODUCTS_DIR}/${EXECUTABLE_PATH}\" ]] && \\\n   [[ -f \"${BUILT_PRODUCTS_DIR}/${PRODUCT_NAME}.embeddedframework/${EXECUTABLE_PATH}\" ]] && \\\n   [[ ! \"${BUILT_PRODUCTS_DIR}/${EXECUTABLE_PATH}\" -nt \"${BUILT_PRODUCTS_DIR}/${PRODUCT_NAME}.embeddedframework/${EXECUTABLE_PATH}\" ]]\n   [[ -f \"${UFW_OTHER_BUILT_PRODUCTS_DIR}/${EXECUTABLE_PATH}\" ]] && \\\n   [[ -f \"${UFW_OTHER_BUILT_PRODUCTS_DIR}/${PRODUCT_NAME}.embeddedframework/${EXECUTABLE_PATH}\" ]] && \\\n   [[ ! \"${UFW_OTHER_BUILT_PRODUCTS_DIR}/${EXECUTABLE_PATH}\" -nt \"${UFW_OTHER_BUILT_PRODUCTS_DIR}/${PRODUCT_NAME}.embeddedframework/${EXECUTABLE_PATH}\" ]]\nthen\n    exit 0\nfi\n\n\n# Clean other platform if needed\n\nif [[ ! -f \"${BUILT_PRODUCTS_DIR}/${EXECUTABLE_PATH}\" ]]\nthen\n\techo \"Platform \\\"$UFW_SDK_PLATFORM\\\" was cleaned recently. Cleaning \\\"$UFW_OTHER_PLATFORM\\\" as well\"\n\techo xcodebuild -project \"${PROJECT_FILE_PATH}\" -target \"${TARGET_NAME}\" -configuration \"${CONFIGURATION}\" -sdk ${UFW_OTHER_PLATFORM}${UFW_SDK_VERSION} BUILD_DIR=\"${BUILD_DIR}\" CONFIGURATION_TEMP_DIR=\"${PROJECT_TEMP_DIR}/${CONFIGURATION}-${UFW_OTHER_PLATFORM}\" clean\n\txcodebuild -project \"${PROJECT_FILE_PATH}\" -target \"${TARGET_NAME}\" -configuration \"${CONFIGURATION}\" -sdk ${UFW_OTHER_PLATFORM}${UFW_SDK_VERSION} BUILD_DIR=\"${BUILD_DIR}\" CONFIGURATION_TEMP_DIR=\"${PROJECT_TEMP_DIR}/${CONFIGURATION}-${UFW_OTHER_PLATFORM}\" clean\nfi\n\n\n# Make sure we are building from fresh binaries\n\nrm -rf \"${BUILT_PRODUCTS_DIR}/${EXECUTABLE_PATH}\"\nrm -rf \"${BUILT_PRODUCTS_DIR}/${PRODUCT_NAME}.embeddedframework\"\nrm -rf \"${UFW_OTHER_BUILT_PRODUCTS_DIR}/${EXECUTABLE_PATH}\"\nrm -rf \"${UFW_OTHER_BUILT_PRODUCTS_DIR}/${PRODUCT_NAME}.embeddedframework\"\n";
		};
		3981685314B6121500DA3281 /* ShellScript */ = {
			isa = PBXShellScriptBuildPhase;
			buildActionMask = 2147483647;
			files = (
			);
			inputPaths = (
			);
			outputPaths = (
			);
			runOnlyForDeploymentPostprocessing = 0;
			shellPath = /bin/sh;
			shellScript = "set -e\n\nset +u\nif [[ $UFW_MASTER_SCRIPT_RUNNING ]]\nthen\n    # Nothing for the slave script to do\n    exit 0\nfi\nset -u\nexport UFW_MASTER_SCRIPT_RUNNING=1\n\n\n# Functions\n\n## List files in the specified directory, storing to the specified array.\n#\n# @param $1 The path to list\n# @param $2 The name of the array to fill\n#\n##\nlist_files ()\n{\n    filelist=$(ls \"$1\")\n    while read line\n    do\n        eval \"$2[\\${#$2[*]}]=\\\"\\$line\\\"\"\n    done <<< \"$filelist\"\n}\n\n\n# Sanity check\n\nif [[ ! -f \"${BUILT_PRODUCTS_DIR}/${EXECUTABLE_PATH}\" ]]\nthen\n    echo \"Framework target \\\"${TARGET_NAME}\\\" had no source files to build from. Make sure your source files have the correct target membership\"\n    exit 1\nfi\n\n\n# Gather information\n\nif [[ \"$SDK_NAME\" =~ ([A-Za-z]+) ]]\nthen\n    UFW_SDK_PLATFORM=${BASH_REMATCH[1]}\nelse\n    echo \"Could not find platform name from SDK_NAME: $SDK_NAME\"\n    exit 1\nfi\n\nif [[ \"$SDK_NAME\" =~ ([0-9]+.*$) ]]\nthen\n    UFW_SDK_VERSION=${BASH_REMATCH[1]}\nelse\n    echo \"Could not find sdk version from SDK_NAME: $SDK_NAME\"\n    exit 1\nfi\n\nif [[ \"$UFW_SDK_PLATFORM\" = \"iphoneos\" ]]\nthen\n    UFW_OTHER_PLATFORM=iphonesimulator\nelse\n    UFW_OTHER_PLATFORM=iphoneos\nfi\n\nif [[ \"$BUILT_PRODUCTS_DIR\" =~ (.*)$UFW_SDK_PLATFORM$ ]]\nthen\n    UFW_OTHER_BUILT_PRODUCTS_DIR=\"${BASH_REMATCH[1]}${UFW_OTHER_PLATFORM}\"\nelse\n    echo \"Could not find $UFW_SDK_PLATFORM in $BUILT_PRODUCTS_DIR\"\n    exit 1\nfi\n\n\n# Short-circuit if all binaries are up to date.\n# We already checked the other platform in the prerun script.\n\nif [[ -f \"${BUILT_PRODUCTS_DIR}/${EXECUTABLE_PATH}\" ]] && [[ -f \"${BUILT_PRODUCTS_DIR}/${PRODUCT_NAME}.embeddedframework/${EXECUTABLE_PATH}\" ]] && [[ ! \"${BUILT_PRODUCTS_DIR}/${EXECUTABLE_PATH}\" -nt \"${BUILT_PRODUCTS_DIR}/${PRODUCT_NAME}.embeddedframework/${EXECUTABLE_PATH}\" ]]\nthen\n    exit 0\nfi\n\n\n# Make sure the other platform gets built\n\necho \"Build other platform\"\n\necho xcodebuild -project \"${PROJECT_FILE_PATH}\" -target \"${TARGET_NAME}\" -configuration \"${CONFIGURATION}\" -sdk ${UFW_OTHER_PLATFORM}${UFW_SDK_VERSION} BUILD_DIR=\"${BUILD_DIR}\" CONFIGURATION_TEMP_DIR=\"${PROJECT_TEMP_DIR}/${CONFIGURATION}-${UFW_OTHER_PLATFORM}\" $ACTION\nxcodebuild -project \"${PROJECT_FILE_PATH}\" -target \"${TARGET_NAME}\" -configuration \"${CONFIGURATION}\" -sdk ${UFW_OTHER_PLATFORM}${UFW_SDK_VERSION} BUILD_DIR=\"${BUILD_DIR}\" CONFIGURATION_TEMP_DIR=\"${PROJECT_TEMP_DIR}/${CONFIGURATION}-${UFW_OTHER_PLATFORM}\" $ACTION\n\n\n# Build the fat static library binary\n\necho \"Create universal static library\"\n\necho \"$PLATFORM_DEVELOPER_BIN_DIR/libtool\" -static \"${BUILT_PRODUCTS_DIR}/${EXECUTABLE_PATH}\" \"${UFW_OTHER_BUILT_PRODUCTS_DIR}/${EXECUTABLE_PATH}\" -o \"${BUILT_PRODUCTS_DIR}/${EXECUTABLE_PATH}.temp\"\n\"$PLATFORM_DEVELOPER_BIN_DIR/libtool\" -static \"${BUILT_PRODUCTS_DIR}/${EXECUTABLE_PATH}\" \"${UFW_OTHER_BUILT_PRODUCTS_DIR}/${EXECUTABLE_PATH}\" -o \"${BUILT_PRODUCTS_DIR}/${EXECUTABLE_PATH}.temp\"\n\necho mv \"${BUILT_PRODUCTS_DIR}/${EXECUTABLE_PATH}.temp\" \"${BUILT_PRODUCTS_DIR}/${EXECUTABLE_PATH}\"\nmv \"${BUILT_PRODUCTS_DIR}/${EXECUTABLE_PATH}.temp\" \"${BUILT_PRODUCTS_DIR}/${EXECUTABLE_PATH}\"\n\n\n# Build framework structure\n\necho \"Build symlinks\"\n\necho ln -sf A \"${BUILT_PRODUCTS_DIR}/${WRAPPER_NAME}/Versions/Current\"\nln -sf A \"${BUILT_PRODUCTS_DIR}/${WRAPPER_NAME}/Versions/Current\"\necho ln -sf Versions/Current/Headers \"${BUILT_PRODUCTS_DIR}/${WRAPPER_NAME}/Headers\"\nln -sf Versions/Current/Headers \"${BUILT_PRODUCTS_DIR}/${WRAPPER_NAME}/Headers\"\necho ln -sf Versions/Current/Resources \"${BUILT_PRODUCTS_DIR}/${WRAPPER_NAME}/Resources\"\nln -sf Versions/Current/Resources \"${BUILT_PRODUCTS_DIR}/${WRAPPER_NAME}/Resources\"\necho ln -sf \"Versions/Current/${EXECUTABLE_NAME}\" \"${BUILT_PRODUCTS_DIR}/${WRAPPER_NAME}/${EXECUTABLE_NAME}\"\nln -sf \"Versions/Current/${EXECUTABLE_NAME}\" \"${BUILT_PRODUCTS_DIR}/${WRAPPER_NAME}/${EXECUTABLE_NAME}\"\n\n\n# Link to binary for unit tests\n\nmkdir -p \"${BUILT_PRODUCTS_DIR}/.fake_fw_testing.framework\"\nln -sf \"../${WRAPPER_NAME}/${EXECUTABLE_NAME}\" \"${BUILT_PRODUCTS_DIR}/.fake_fw_testing.framework/.fake_fw_testing\"\n\n\n# Build embedded framework structure\n\necho \"Build Embedded Framework\"\n\necho rm -rf \"${BUILT_PRODUCTS_DIR}/${PRODUCT_NAME}.embeddedframework\"\nrm -rf \"${BUILT_PRODUCTS_DIR}/${PRODUCT_NAME}.embeddedframework\"\necho mkdir -p \"${BUILT_PRODUCTS_DIR}/${PRODUCT_NAME}.embeddedframework/Resources\"\nmkdir -p \"${BUILT_PRODUCTS_DIR}/${PRODUCT_NAME}.embeddedframework/Resources\"\necho cp -a \"${BUILT_PRODUCTS_DIR}/${WRAPPER_NAME}\" \"${BUILT_PRODUCTS_DIR}/${PRODUCT_NAME}.embeddedframework/\"\ncp -a \"${BUILT_PRODUCTS_DIR}/${WRAPPER_NAME}\" \"${BUILT_PRODUCTS_DIR}/${PRODUCT_NAME}.embeddedframework/\"\n\ndeclare -a UFW_FILE_LIST\nlist_files \"${BUILT_PRODUCTS_DIR}/${UNLOCALIZED_RESOURCES_FOLDER_PATH}\" UFW_FILE_LIST\nfor filename in \"${UFW_FILE_LIST[@]}\"\ndo\n    if [[ \"${filename}\" != \"Info.plist\" ]] && [[ ! \"${filename}\" =~ .*\\.lproj$ ]]\n    then\n        echo ln -sf \"../${WRAPPER_NAME}/Resources/${filename}\" \"${BUILT_PRODUCTS_DIR}/${PRODUCT_NAME}.embeddedframework/Resources/${filename}\"\n        ln -sf \"../${WRAPPER_NAME}/Resources/${filename}\" \"${BUILT_PRODUCTS_DIR}/${PRODUCT_NAME}.embeddedframework/Resources/${filename}\"\n    fi\ndone\n\n\n# Replace other platform's framework with a copy of this one (so that both have the same universal binary)\n\necho \"Copy from $UFW_SDK_PLATFORM to $UFW_OTHER_PLATFORM\"\n\necho rm -rf \"${BUILD_DIR}/${CONFIGURATION}-${UFW_OTHER_PLATFORM}\"\nrm -rf \"${BUILD_DIR}/${CONFIGURATION}-${UFW_OTHER_PLATFORM}\"\necho cp -a \"${BUILD_DIR}/${CONFIGURATION}-${UFW_SDK_PLATFORM}\" \"${BUILD_DIR}/${CONFIGURATION}-${UFW_OTHER_PLATFORM}\"\ncp -a \"${BUILD_DIR}/${CONFIGURATION}-${UFW_SDK_PLATFORM}\" \"${BUILD_DIR}/${CONFIGURATION}-${UFW_OTHER_PLATFORM}\"\n";
		};
/* End PBXShellScriptBuildPhase section */

/* Begin PBXSourcesBuildPhase section */
		3981684F14B6121500DA3281 /* Sources */ = {
			isa = PBXSourcesBuildPhase;
			buildActionMask = 2147483647;
			files = (
				3981686814B6128700DA3281 /* KSLoggerC.c in Sources */,
				3981686C14B6128700DA3281 /* KSLoggerObjC.m in Sources */,
			);
			runOnlyForDeploymentPostprocessing = 0;
		};
		3981686D14B612A500DA3281 /* Sources */ = {
			isa = PBXSourcesBuildPhase;
			buildActionMask = 2147483647;
			files = (
				3981688114B612A500DA3281 /* main.m in Sources */,
				3981688514B612A500DA3281 /* AppDelegate.m in Sources */,
				3981688814B612A500DA3281 /* ViewController.m in Sources */,
			);
			runOnlyForDeploymentPostprocessing = 0;
		};
/* End PBXSourcesBuildPhase section */

/* Begin PBXVariantGroup section */
		3981685A14B6121500DA3281 /* InfoPlist.strings */ = {
			isa = PBXVariantGroup;
			children = (
				3981685B14B6121500DA3281 /* en */,
			);
			name = InfoPlist.strings;
			sourceTree = "<group>";
		};
		3981687D14B612A500DA3281 /* InfoPlist.strings */ = {
			isa = PBXVariantGroup;
			children = (
				3981687E14B612A500DA3281 /* en */,
			);
			name = InfoPlist.strings;
			sourceTree = "<group>";
		};
		3981688914B612A500DA3281 /* ViewController_iPhone.xib */ = {
			isa = PBXVariantGroup;
			children = (
				3981688A14B612A500DA3281 /* en */,
			);
			name = ViewController_iPhone.xib;
			sourceTree = "<group>";
		};
		3981688C14B612A500DA3281 /* ViewController_iPad.xib */ = {
			isa = PBXVariantGroup;
			children = (
				3981688D14B612A500DA3281 /* en */,
			);
			name = ViewController_iPad.xib;
			sourceTree = "<group>";
		};
/* End PBXVariantGroup section */

/* Begin XCBuildConfiguration section */
		3981685E14B6121500DA3281 /* Debug */ = {
			isa = XCBuildConfiguration;
			buildSettings = {
				ALWAYS_SEARCH_USER_PATHS = NO;
				ARCHS = "$(ARCHS_STANDARD_32_BIT)";
				CLANG_ENABLE_OBJC_ARC = YES;
				CLANG_WARN_DEPRECATED_OBJC_IMPLEMENTATIONS = YES;
				CLANG_WARN_IMPLICIT_SIGN_CONVERSION = YES;
				CLANG_WARN_OBJCPP_ARC_ABI = YES;
				CLANG_WARN_OBJC_IMPLICIT_ATOMIC_PROPERTIES = YES;
				CLANG_WARN_SUSPICIOUS_IMPLICIT_CONVERSION = YES;
				COPY_PHASE_STRIP = NO;
				GCC_C_LANGUAGE_STANDARD = gnu99;
				GCC_DYNAMIC_NO_PIC = NO;
				GCC_OPTIMIZATION_LEVEL = 0;
				GCC_PREPROCESSOR_DEFINITIONS = (
					"DEBUG=1",
					"$(inherited)",
				);
				GCC_SYMBOLS_PRIVATE_EXTERN = NO;
				GCC_VERSION = com.apple.compilers.llvm.clang.1_0;
				GCC_WARN_64_TO_32_BIT_CONVERSION = YES;
				GCC_WARN_ABOUT_MISSING_FIELD_INITIALIZERS = YES;
				GCC_WARN_ABOUT_MISSING_NEWLINE = YES;
				GCC_WARN_ABOUT_MISSING_PROTOTYPES = YES;
				GCC_WARN_ABOUT_RETURN_TYPE = YES;
				GCC_WARN_FOUR_CHARACTER_CONSTANTS = YES;
				GCC_WARN_HIDDEN_VIRTUAL_FUNCTIONS = YES;
				GCC_WARN_INITIALIZER_NOT_FULLY_BRACKETED = YES;
				GCC_WARN_MULTIPLE_DEFINITION_TYPES_FOR_SELECTOR = YES;
				GCC_WARN_NON_VIRTUAL_DESTRUCTOR = YES;
				GCC_WARN_SHADOW = YES;
				GCC_WARN_SIGN_COMPARE = YES;
				GCC_WARN_STRICT_SELECTOR_MATCH = YES;
				GCC_WARN_UNDECLARED_SELECTOR = YES;
				GCC_WARN_UNINITIALIZED_AUTOS = YES;
				GCC_WARN_UNKNOWN_PRAGMAS = YES;
				GCC_WARN_UNUSED_FUNCTION = YES;
				GCC_WARN_UNUSED_LABEL = YES;
				GCC_WARN_UNUSED_PARAMETER = YES;
				GCC_WARN_UNUSED_VARIABLE = YES;
				IPHONEOS_DEPLOYMENT_TARGET = 5.0;
				SDKROOT = iphoneos;
			};
			name = Debug;
		};
		3981685F14B6121500DA3281 /* Release */ = {
			isa = XCBuildConfiguration;
			buildSettings = {
				ALWAYS_SEARCH_USER_PATHS = NO;
				ARCHS = "$(ARCHS_STANDARD_32_BIT)";
				CLANG_ENABLE_OBJC_ARC = YES;
				CLANG_WARN_DEPRECATED_OBJC_IMPLEMENTATIONS = YES;
				CLANG_WARN_IMPLICIT_SIGN_CONVERSION = YES;
				CLANG_WARN_OBJCPP_ARC_ABI = YES;
				CLANG_WARN_OBJC_IMPLICIT_ATOMIC_PROPERTIES = YES;
				CLANG_WARN_SUSPICIOUS_IMPLICIT_CONVERSION = YES;
				COPY_PHASE_STRIP = YES;
				GCC_C_LANGUAGE_STANDARD = gnu99;
				GCC_VERSION = com.apple.compilers.llvm.clang.1_0;
				GCC_WARN_64_TO_32_BIT_CONVERSION = YES;
				GCC_WARN_ABOUT_MISSING_FIELD_INITIALIZERS = YES;
				GCC_WARN_ABOUT_MISSING_NEWLINE = YES;
				GCC_WARN_ABOUT_MISSING_PROTOTYPES = YES;
				GCC_WARN_ABOUT_RETURN_TYPE = YES;
				GCC_WARN_FOUR_CHARACTER_CONSTANTS = YES;
				GCC_WARN_HIDDEN_VIRTUAL_FUNCTIONS = YES;
				GCC_WARN_INITIALIZER_NOT_FULLY_BRACKETED = YES;
				GCC_WARN_MULTIPLE_DEFINITION_TYPES_FOR_SELECTOR = YES;
				GCC_WARN_NON_VIRTUAL_DESTRUCTOR = YES;
				GCC_WARN_SHADOW = YES;
				GCC_WARN_SIGN_COMPARE = YES;
				GCC_WARN_STRICT_SELECTOR_MATCH = YES;
				GCC_WARN_UNDECLARED_SELECTOR = YES;
				GCC_WARN_UNINITIALIZED_AUTOS = YES;
				GCC_WARN_UNKNOWN_PRAGMAS = YES;
				GCC_WARN_UNUSED_FUNCTION = YES;
				GCC_WARN_UNUSED_LABEL = YES;
				GCC_WARN_UNUSED_PARAMETER = YES;
				GCC_WARN_UNUSED_VARIABLE = YES;
				IPHONEOS_DEPLOYMENT_TARGET = 5.0;
				SDKROOT = iphoneos;
				VALIDATE_PRODUCT = YES;
			};
			name = Release;
		};
		3981686114B6121500DA3281 /* Debug */ = {
			isa = XCBuildConfiguration;
			buildSettings = {
				CONTENTS_FOLDER_PATH = "$(WRAPPER_NAME)/Versions/$(FRAMEWORK_VERSION)";
				DEAD_CODE_STRIPPING = NO;
				DEPLOYMENT_POSTPROCESSING = YES;
				DYLIB_COMPATIBILITY_VERSION = 1;
				DYLIB_CURRENT_VERSION = 1;
				FRAMEWORK_VERSION = A;
				GCC_PRECOMPILE_PREFIX_HEADER = YES;
				GCC_PREFIX_HEADER = "KSLogger/KSLogger-Prefix.pch";
				INFOPLIST_FILE = "KSLogger/KSLogger-Info.plist";
				INFOPLIST_PATH = "$(UNLOCALIZED_RESOURCES_FOLDER_PATH)/Info.plist";
				INSTALL_PATH = "$(BUILT_PRODUCTS_DIR)";
				LINK_WITH_STANDARD_LIBRARIES = NO;
				MACH_O_TYPE = mh_object;
				PRODUCT_NAME = "$(TARGET_NAME)";
				SKIP_INSTALL = YES;
				UNLOCALIZED_RESOURCES_FOLDER_PATH = "$(CONTENTS_FOLDER_PATH)/Resources";
				WRAPPER_EXTENSION = framework;
			};
			name = Debug;
		};
		3981686214B6121500DA3281 /* Release */ = {
			isa = XCBuildConfiguration;
			buildSettings = {
				CONTENTS_FOLDER_PATH = "$(WRAPPER_NAME)/Versions/$(FRAMEWORK_VERSION)";
				DEAD_CODE_STRIPPING = NO;
				DEPLOYMENT_POSTPROCESSING = YES;
				DYLIB_COMPATIBILITY_VERSION = 1;
				DYLIB_CURRENT_VERSION = 1;
				FRAMEWORK_VERSION = A;
				GCC_PRECOMPILE_PREFIX_HEADER = YES;
				GCC_PREFIX_HEADER = "KSLogger/KSLogger-Prefix.pch";
				INFOPLIST_FILE = "KSLogger/KSLogger-Info.plist";
				INFOPLIST_PATH = "$(UNLOCALIZED_RESOURCES_FOLDER_PATH)/Info.plist";
				INSTALL_PATH = "$(BUILT_PRODUCTS_DIR)";
				LINK_WITH_STANDARD_LIBRARIES = NO;
				MACH_O_TYPE = mh_object;
				PRODUCT_NAME = "$(TARGET_NAME)";
				SKIP_INSTALL = YES;
				UNLOCALIZED_RESOURCES_FOLDER_PATH = "$(CONTENTS_FOLDER_PATH)/Resources";
				WRAPPER_EXTENSION = framework;
			};
			name = Release;
		};
		3981689014B612A500DA3281 /* Debug */ = {
			isa = XCBuildConfiguration;
			buildSettings = {
				"CODE_SIGN_IDENTITY[sdk=iphoneos*]" = "iPhone Developer";
				GCC_PRECOMPILE_PREFIX_HEADER = YES;
				GCC_PREFIX_HEADER = "LoggingTest/LoggingTest-Prefix.pch";
				GCC_PREPROCESSOR_DEFINITIONS = (
					"KSLogger_Level=DEBUG",
					"$(inherited)",
				);
				INFOPLIST_FILE = "LoggingTest/LoggingTest-Info.plist";
				OTHER_LDFLAGS = (
					"-framework",
					KSLogger,
				);
				PRODUCT_NAME = "$(TARGET_NAME)";
				TARGETED_DEVICE_FAMILY = "1,2";
				WRAPPER_EXTENSION = app;
			};
			name = Debug;
		};
		3981689114B612A500DA3281 /* Release */ = {
			isa = XCBuildConfiguration;
			buildSettings = {
				"CODE_SIGN_IDENTITY[sdk=iphoneos*]" = "iPhone Developer";
				GCC_PRECOMPILE_PREFIX_HEADER = YES;
				GCC_PREFIX_HEADER = "LoggingTest/LoggingTest-Prefix.pch";
				GCC_PREPROCESSOR_DEFINITIONS = (
					"KSLogger_Level=DEBUG",
					"$(inherited)",
				);
				INFOPLIST_FILE = "LoggingTest/LoggingTest-Info.plist";
				OTHER_CFLAGS = "-DNS_BLOCK_ASSERTIONS=1";
				OTHER_LDFLAGS = (
					"-framework",
					KSLogger,
				);
				PRODUCT_NAME = "$(TARGET_NAME)";
				TARGETED_DEVICE_FAMILY = "1,2";
				WRAPPER_EXTENSION = app;
			};
			name = Release;
		};
/* End XCBuildConfiguration section */

/* Begin XCConfigurationList section */
		3981684C14B6121400DA3281 /* Build configuration list for PBXProject "KSLogger" */ = {
			isa = XCConfigurationList;
			buildConfigurations = (
				3981685E14B6121500DA3281 /* Debug */,
				3981685F14B6121500DA3281 /* Release */,
			);
			defaultConfigurationIsVisible = 0;
			defaultConfigurationName = Release;
		};
		3981686014B6121500DA3281 /* Build configuration list for PBXNativeTarget "KSLogger" */ = {
			isa = XCConfigurationList;
			buildConfigurations = (
				3981686114B6121500DA3281 /* Debug */,
				3981686214B6121500DA3281 /* Release */,
			);
			defaultConfigurationIsVisible = 0;
			defaultConfigurationName = Release;
		};
		3981688F14B612A500DA3281 /* Build configuration list for PBXNativeTarget "LoggingTest" */ = {
			isa = XCConfigurationList;
			buildConfigurations = (
				3981689014B612A500DA3281 /* Debug */,
				3981689114B612A500DA3281 /* Release */,
			);
			defaultConfigurationIsVisible = 0;
			defaultConfigurationName = Release;
		};
/* End XCConfigurationList section */
	};
	rootObject = 3981684914B6121400DA3281 /* Project object */;
}
